
Microsoft Visual Studio Solution File, Format Version 12.00
# Visual Studio 14
VisualStudioVersion = 14.0.25123.0
MinimumVisualStudioVersion = 10.0.40219.1
Project("{FAE04EC0-301F-11D3-BF4B-00C04F79EFBC}") = "YouTubeTutorial.Droid", "YouTubeTutorial\YouTubeTutorial.Droid\YouTubeTutorial.Droid.csproj", "{9E07E48C-56D7-4488-BF21-75D0F92F373B}"
EndProject
Project("{FAE04EC0-301F-11D3-BF4B-00C04F79EFBC}") = "YouTubeTutorial.iOS", "YouTubeTutorial\YouTubeTutorial.iOS\YouTubeTutorial.iOS.csproj", "{106B9F51-E299-4AD8-AA6B-C51FB4264142}"
EndProject
Project("{FAE04EC0-301F-11D3-BF4B-00C04F79EFBC}") = "YouTubeTutorial.WinPhone", "YouTubeTutorial\YouTubeTutorial.WinPhone\YouTubeTutorial.WinPhone.csproj", "{06885F09-2A78-4D11-9E83-ECAD0B26E38F}"
EndProject
Project("{FAE04EC0-301F-11D3-BF4B-00C04F79EFBC}") = "YouTubeTutorial.UWP", "YouTubeTutorial\YouTubeTutorial.UWP\YouTubeTutorial.UWP.csproj", "{FB567339-D4C8-4FFE-B36B-89D8146D18D2}"
EndProject
Project("{FAE04EC0-301F-11D3-BF4B-00C04F79EFBC}") = "YouTubeTutorial.Windows", "YouTubeTutorial\YouTubeTutorial.Windows\YouTubeTutorial.Windows.csproj", "{D9F0FA30-243E-4287-9453-13D6D015C89E}"
EndProject
Project("{FAE04EC0-301F-11D3-BF4B-00C04F79EFBC}") = "YouTubeTutorial", "YouTubeTutorial\YouTubeTutorial\YouTubeTutorial.csproj", "{85CB74BA-7C29-496E-8C50-BFFCCE017C1B}"
EndProject
Global
	GlobalSection(SolutionConfigurationPlatforms) = preSolution
		Ad-Hoc|Any CPU = Ad-Hoc|Any CPU
		Ad-Hoc|ARM = Ad-Hoc|ARM
		Ad-Hoc|iPhone = Ad-Hoc|iPhone
		Ad-Hoc|iPhoneSimulator = Ad-Hoc|iPhoneSimulator
		Ad-Hoc|x64 = Ad-Hoc|x64
		Ad-Hoc|x86 = Ad-Hoc|x86
		AppStore|Any CPU = AppStore|Any CPU
		AppStore|ARM = AppStore|ARM
		AppStore|iPhone = AppStore|iPhone
		AppStore|iPhoneSimulator = AppStore|iPhoneSimulator
		AppStore|x64 = AppStore|x64
		AppStore|x86 = AppStore|x86
		Debug|Any CPU = Debug|Any CPU
		Debug|ARM = Debug|ARM
		Debug|iPhone = Debug|iPhone
		Debug|iPhoneSimulator = Debug|iPhoneSimulator
		Debug|x64 = Debug|x64
		Debug|x86 = Debug|x86
		Release|Any CPU = Release|Any CPU
		Release|ARM = Release|ARM
		Release|iPhone = Release|iPhone
		Release|iPhoneSimulator = Release|iPhoneSimulator
		Release|x64 = Release|x64
		Release|x86 = Release|x86
	EndGlobalSection
	GlobalSection(ProjectConfigurationPlatforms) = postSolution
		{9E07E48C-56D7-4488-BF21-75D0F92F373B}.Ad-Hoc|Any CPU.ActiveCfg = Release|Any CPU
		{9E07E48C-56D7-4488-BF21-75D0F92F373B}.Ad-Hoc|Any CPU.Build.0 = Release|Any CPU
		{9E07E48C-56D7-4488-BF21-75D0F92F373B}.Ad-Hoc|Any CPU.Deploy.0 = Release|Any CPU
		{9E07E48C-56D7-4488-BF21-75D0F92F373B}.Ad-Hoc|ARM.ActiveCfg = Release|Any CPU
		{9E07E48C-56D7-4488-BF21-75D0F92F373B}.Ad-Hoc|ARM.Build.0 = Release|Any CPU
		{9E07E48C-56D7-4488-BF21-75D0F92F373B}.Ad-Hoc|ARM.Deploy.0 = Release|Any CPU
		{9E07E48C-56D7-4488-BF21-75D0F92F373B}.Ad-Hoc|iPhone.ActiveCfg = Release|Any CPU
		{9E07E48C-56D7-4488-BF21-75D0F92F373B}.Ad-Hoc|iPhone.Build.0 = Release|Any CPU
		{9E07E48C-56D7-4488-BF21-75D0F92F373B}.Ad-Hoc|iPhone.Deploy.0 = Release|Any CPU
		{9E07E48C-56D7-4488-BF21-75D0F92F373B}.Ad-Hoc|iPhoneSimulator.ActiveCfg = Release|Any CPU
		{9E07E48C-56D7-4488-BF21-75D0F92F373B}.Ad-Hoc|iPhoneSimulator.Build.0 = Release|Any CPU
		{9E07E48C-56D7-4488-BF21-75D0F92F373B}.Ad-Hoc|iPhoneSimulator.Deploy.0 = Release|Any CPU
		{9E07E48C-56D7-4488-BF21-75D0F92F373B}.Ad-Hoc|x64.ActiveCfg = Release|Any CPU
		{9E07E48C-56D7-4488-BF21-75D0F92F373B}.Ad-Hoc|x64.Build.0 = Release|Any CPU
		{9E07E48C-56D7-4488-BF21-75D0F92F373B}.Ad-Hoc|x64.Deploy.0 = Release|Any CPU
		{9E07E48C-56D7-4488-BF21-75D0F92F373B}.Ad-Hoc|x86.ActiveCfg = Release|Any CPU
		{9E07E48C-56D7-4488-BF21-75D0F92F373B}.Ad-Hoc|x86.Build.0 = Release|Any CPU
		{9E07E48C-56D7-4488-BF21-75D0F92F373B}.Ad-Hoc|x86.Deploy.0 = Release|Any CPU
		{9E07E48C-56D7-4488-BF21-75D0F92F373B}.AppStore|Any CPU.ActiveCfg = Release|Any CPU
		{9E07E48C-56D7-4488-BF21-75D0F92F373B}.AppStore|Any CPU.Build.0 = Release|Any CPU
		{9E07E48C-56D7-4488-BF21-75D0F92F373B}.AppStore|Any CPU.Deploy.0 = Release|Any CPU
		{9E07E48C-56D7-4488-BF21-75D0F92F373B}.AppStore|ARM.ActiveCfg = Release|Any CPU
		{9E07E48C-56D7-4488-BF21-75D0F92F373B}.AppStore|ARM.Build.0 = Release|Any CPU
		{9E07E48C-56D7-4488-BF21-75D0F92F373B}.AppStore|ARM.Deploy.0 = Release|Any CPU
		{9E07E48C-56D7-4488-BF21-75D0F92F373B}.AppStore|iPhone.ActiveCfg = Release|Any CPU
		{9E07E48C-56D7-4488-BF21-75D0F92F373B}.AppStore|iPhone.Build.0 = Release|Any CPU
		{9E07E48C-56D7-4488-BF21-75D0F92F373B}.AppStore|iPhone.Deploy.0 = Release|Any CPU
		{9E07E48C-56D7-4488-BF21-75D0F92F373B}.AppStore|iPhoneSimulator.ActiveCfg = Release|Any CPU
		{9E07E48C-56D7-4488-BF21-75D0F92F373B}.AppStore|iPhoneSimulator.Build.0 = Release|Any CPU
		{9E07E48C-56D7-4488-BF21-75D0F92F373B}.AppStore|iPhoneSimulator.Deploy.0 = Release|Any CPU
		{9E07E48C-56D7-4488-BF21-75D0F92F373B}.AppStore|x64.ActiveCfg = Release|Any CPU
		{9E07E48C-56D7-4488-BF21-75D0F92F373B}.AppStore|x64.Build.0 = Release|Any CPU
		{9E07E48C-56D7-4488-BF21-75D0F92F373B}.AppStore|x64.Deploy.0 = Release|Any CPU
		{9E07E48C-56D7-4488-BF21-75D0F92F373B}.AppStore|x86.ActiveCfg = Release|Any CPU
		{9E07E48C-56D7-4488-BF21-75D0F92F373B}.AppStore|x86.Build.0 = Release|Any CPU
		{9E07E48C-56D7-4488-BF21-75D0F92F373B}.AppStore|x86.Deploy.0 = Release|Any CPU
		{9E07E48C-56D7-4488-BF21-75D0F92F373B}.Debug|Any CPU.ActiveCfg = Debug|Any CPU
		{9E07E48C-56D7-4488-BF21-75D0F92F373B}.Debug|Any CPU.Build.0 = Debug|Any CPU
		{9E07E48C-56D7-4488-BF21-75D0F92F373B}.Debug|Any CPU.Deploy.0 = Debug|Any CPU
		{9E07E48C-56D7-4488-BF21-75D0F92F373B}.Debug|ARM.ActiveCfg = Debug|Any CPU
		{9E07E48C-56D7-4488-BF21-75D0F92F373B}.Debug|ARM.Build.0 = Debug|Any CPU
		{9E07E48C-56D7-4488-BF21-75D0F92F373B}.Debug|ARM.Deploy.0 = Debug|Any CPU
		{9E07E48C-56D7-4488-BF21-75D0F92F373B}.Debug|iPhone.ActiveCfg = Debug|Any CPU
		{9E07E48C-56D7-4488-BF21-75D0F92F373B}.Debug|iPhone.Build.0 = Debug|Any CPU
		{9E07E48C-56D7-4488-BF21-75D0F92F373B}.Debug|iPhone.Deploy.0 = Debug|Any CPU
		{9E07E48C-56D7-4488-BF21-75D0F92F373B}.Debug|iPhoneSimulator.ActiveCfg = Debug|Any CPU
		{9E07E48C-56D7-4488-BF21-75D0F92F373B}.Debug|iPhoneSimulator.Build.0 = Debug|Any CPU
		{9E07E48C-56D7-4488-BF21-75D0F92F373B}.Debug|iPhoneSimulator.Deploy.0 = Debug|Any CPU
		{9E07E48C-56D7-4488-BF21-75D0F92F373B}.Debug|x64.ActiveCfg = Debug|Any CPU
		{9E07E48C-56D7-4488-BF21-75D0F92F373B}.Debug|x64.Build.0 = Debug|Any CPU
		{9E07E48C-56D7-4488-BF21-75D0F92F373B}.Debug|x64.Deploy.0 = Debug|Any CPU
		{9E07E48C-56D7-4488-BF21-75D0F92F373B}.Debug|x86.ActiveCfg = Debug|Any CPU
		{9E07E48C-56D7-4488-BF21-75D0F92F373B}.Debug|x86.Build.0 = Debug|Any CPU
		{9E07E48C-56D7-4488-BF21-75D0F92F373B}.Debug|x86.Deploy.0 = Debug|Any CPU
		{9E07E48C-56D7-4488-BF21-75D0F92F373B}.Release|Any CPU.ActiveCfg = Release|Any CPU
		{9E07E48C-56D7-4488-BF21-75D0F92F373B}.Release|Any CPU.Build.0 = Release|Any CPU
		{9E07E48C-56D7-4488-BF21-75D0F92F373B}.Release|Any CPU.Deploy.0 = Release|Any CPU
		{9E07E48C-56D7-4488-BF21-75D0F92F373B}.Release|ARM.ActiveCfg = Release|Any CPU
		{9E07E48C-56D7-4488-BF21-75D0F92F373B}.Release|ARM.Build.0 = Release|Any CPU
		{9E07E48C-56D7-4488-BF21-75D0F92F373B}.Release|ARM.Deploy.0 = Release|Any CPU
		{9E07E48C-56D7-4488-BF21-75D0F92F373B}.Release|iPhone.ActiveCfg = Release|Any CPU
		{9E07E48C-56D7-4488-BF21-75D0F92F373B}.Release|iPhone.Build.0 = Release|Any CPU
		{9E07E48C-56D7-4488-BF21-75D0F92F373B}.Release|iPhone.Deploy.0 = Release|Any CPU
		{9E07E48C-56D7-4488-BF21-75D0F92F373B}.Release|iPhoneSimulator.ActiveCfg = Release|Any CPU
		{9E07E48C-56D7-4488-BF21-75D0F92F373B}.Release|iPhoneSimulator.Build.0 = Release|Any CPU
		{9E07E48C-56D7-4488-BF21-75D0F92F373B}.Release|iPhoneSimulator.Deploy.0 = Release|Any CPU
		{9E07E48C-56D7-4488-BF21-75D0F92F373B}.Release|x64.ActiveCfg = Release|Any CPU
		{9E07E48C-56D7-4488-BF21-75D0F92F373B}.Release|x64.Build.0 = Release|Any CPU
		{9E07E48C-56D7-4488-BF21-75D0F92F373B}.Release|x64.Deploy.0 = Release|Any CPU
		{9E07E48C-56D7-4488-BF21-75D0F92F373B}.Release|x86.ActiveCfg = Release|Any CPU
		{9E07E48C-56D7-4488-BF21-75D0F92F373B}.Release|x86.Build.0 = Release|Any CPU
		{9E07E48C-56D7-4488-BF21-75D0F92F373B}.Release|x86.Deploy.0 = Release|Any CPU
		{106B9F51-E299-4AD8-AA6B-C51FB4264142}.Ad-Hoc|Any CPU.ActiveCfg = Ad-Hoc|iPhone
		{106B9F51-E299-4AD8-AA6B-C51FB4264142}.Ad-Hoc|ARM.ActiveCfg = Ad-Hoc|iPhone
		{106B9F51-E299-4AD8-AA6B-C51FB4264142}.Ad-Hoc|iPhone.ActiveCfg = Ad-Hoc|iPhone
		{106B9F51-E299-4AD8-AA6B-C51FB4264142}.Ad-Hoc|iPhone.Build.0 = Ad-Hoc|iPhone
		{106B9F51-E299-4AD8-AA6B-C51FB4264142}.Ad-Hoc|iPhoneSimulator.ActiveCfg = Ad-Hoc|iPhoneSimulator
		{106B9F51-E299-4AD8-AA6B-C51FB4264142}.Ad-Hoc|iPhoneSimulator.Build.0 = Ad-Hoc|iPhoneSimulator
		{106B9F51-E299-4AD8-AA6B-C51FB4264142}.Ad-Hoc|x64.ActiveCfg = Ad-Hoc|iPhone
		{106B9F51-E299-4AD8-AA6B-C51FB4264142}.Ad-Hoc|x86.ActiveCfg = Ad-Hoc|iPhone
		{106B9F51-E299-4AD8-AA6B-C51FB4264142}.AppStore|Any CPU.ActiveCfg = AppStore|iPhone
		{106B9F51-E299-4AD8-AA6B-C51FB4264142}.AppStore|ARM.ActiveCfg = AppStore|iPhone
		{106B9F51-E299-4AD8-AA6B-C51FB4264142}.AppStore|iPhone.ActiveCfg = AppStore|iPhone
		{106B9F51-E299-4AD8-AA6B-C51FB4264142}.AppStore|iPhone.Build.0 = AppStore|iPhone
		{106B9F51-E299-4AD8-AA6B-C51FB4264142}.AppStore|iPhoneSimulator.ActiveCfg = AppStore|iPhoneSimulator
		{106B9F51-E299-4AD8-AA6B-C51FB4264142}.AppStore|iPhoneSimulator.Build.0 = AppStore|iPhoneSimulator
		{106B9F51-E299-4AD8-AA6B-C51FB4264142}.AppStore|x64.ActiveCfg = AppStore|iPhone
		{106B9F51-E299-4AD8-AA6B-C51FB4264142}.AppStore|x86.ActiveCfg = AppStore|iPhone
		{106B9F51-E299-4AD8-AA6B-C51FB4264142}.Debug|Any CPU.ActiveCfg = Debug|iPhone
		{106B9F51-E299-4AD8-AA6B-C51FB4264142}.Debug|ARM.ActiveCfg = Debug|iPhone
		{106B9F51-E299-4AD8-AA6B-C51FB4264142}.Debug|iPhone.ActiveCfg = Debug|iPhone
		{106B9F51-E299-4AD8-AA6B-C51FB4264142}.Debug|iPhone.Build.0 = Debug|iPhone
		{106B9F51-E299-4AD8-AA6B-C51FB4264142}.Debug|iPhoneSimulator.ActiveCfg = Debug|iPhoneSimulator
		{106B9F51-E299-4AD8-AA6B-C51FB4264142}.Debug|iPhoneSimulator.Build.0 = Debug|iPhoneSimulator
		{106B9F51-E299-4AD8-AA6B-C51FB4264142}.Debug|x64.ActiveCfg = Debug|iPhone
		{106B9F51-E299-4AD8-AA6B-C51FB4264142}.Debug|x86.ActiveCfg = Debug|iPhone
		{106B9F51-E299-4AD8-AA6B-C51FB4264142}.Release|Any CPU.ActiveCfg = Release|iPhone
		{106B9F51-E299-4AD8-AA6B-C51FB4264142}.Release|ARM.ActiveCfg = Release|iPhone
		{106B9F51-E299-4AD8-AA6B-C51FB4264142}.Release|iPhone.ActiveCfg = Release|iPhone
		{106B9F51-E299-4AD8-AA6B-C51FB4264142}.Release|iPhone.Build.0 = Release|iPhone
		{106B9F51-E299-4AD8-AA6B-C51FB4264142}.Release|iPhoneSimulator.ActiveCfg = Release|iPhoneSimulator
		{106B9F51-E299-4AD8-AA6B-C51FB4264142}.Release|iPhoneSimulator.Build.0 = Release|iPhoneSimulator
		{106B9F51-E299-4AD8-AA6B-C51FB4264142}.Release|x64.ActiveCfg = Release|iPhone
		{106B9F51-E299-4AD8-AA6B-C51FB4264142}.Release|x86.ActiveCfg = Release|iPhone
		{06885F09-2A78-4D11-9E83-ECAD0B26E38F}.Ad-Hoc|Any CPU.ActiveCfg = Release|Any CPU
		{06885F09-2A78-4D11-9E83-ECAD0B26E38F}.Ad-Hoc|Any CPU.Build.0 = Release|Any CPU
		{06885F09-2A78-4D11-9E83-ECAD0B26E38F}.Ad-Hoc|Any CPU.Deploy.0 = Release|Any CPU
		{06885F09-2A78-4D11-9E83-ECAD0B26E38F}.Ad-Hoc|ARM.ActiveCfg = Release|ARM
		{06885F09-2A78-4D11-9E83-ECAD0B26E38F}.Ad-Hoc|ARM.Build.0 = Release|ARM
		{06885F09-2A78-4D11-9E83-ECAD0B26E38F}.Ad-Hoc|ARM.Deploy.0 = Release|ARM
		{06885F09-2A78-4D11-9E83-ECAD0B26E38F}.Ad-Hoc|iPhone.ActiveCfg = Release|Any CPU
		{06885F09-2A78-4D11-9E83-ECAD0B26E38F}.Ad-Hoc|iPhone.Build.0 = Release|Any CPU
		{06885F09-2A78-4D11-9E83-ECAD0B26E38F}.Ad-Hoc|iPhone.Deploy.0 = Release|Any CPU
		{06885F09-2A78-4D11-9E83-ECAD0B26E38F}.Ad-Hoc|iPhoneSimulator.ActiveCfg = Release|Any CPU
		{06885F09-2A78-4D11-9E83-ECAD0B26E38F}.Ad-Hoc|iPhoneSimulator.Build.0 = Release|Any CPU
		{06885F09-2A78-4D11-9E83-ECAD0B26E38F}.Ad-Hoc|iPhoneSimulator.Deploy.0 = Release|Any CPU
		{06885F09-2A78-4D11-9E83-ECAD0B26E38F}.Ad-Hoc|x64.ActiveCfg = Release|Any CPU
		{06885F09-2A78-4D11-9E83-ECAD0B26E38F}.Ad-Hoc|x64.Build.0 = Release|Any CPU
		{06885F09-2A78-4D11-9E83-ECAD0B26E38F}.Ad-Hoc|x64.Deploy.0 = Release|Any CPU
		{06885F09-2A78-4D11-9E83-ECAD0B26E38F}.Ad-Hoc|x86.ActiveCfg = Release|x86
		{06885F09-2A78-4D11-9E83-ECAD0B26E38F}.Ad-Hoc|x86.Build.0 = Release|x86
		{06885F09-2A78-4D11-9E83-ECAD0B26E38F}.Ad-Hoc|x86.Deploy.0 = Release|x86
		{06885F09-2A78-4D11-9E83-ECAD0B26E38F}.AppStore|Any CPU.ActiveCfg = Release|Any CPU
		{06885F09-2A78-4D11-9E83-ECAD0B26E38F}.AppStore|Any CPU.Build.0 = Release|Any CPU
		{06885F09-2A78-4D11-9E83-ECAD0B26E38F}.AppStore|Any CPU.Deploy.0 = Release|Any CPU
		{06885F09-2A78-4D11-9E83-ECAD0B26E38F}.AppStore|ARM.ActiveCfg = Release|ARM
		{06885F09-2A78-4D11-9E83-ECAD0B26E38F}.AppStore|ARM.Build.0 = Release|ARM
		{06885F09-2A78-4D11-9E83-ECAD0B26E38F}.AppStore|ARM.Deploy.0 = Release|ARM
		{06885F09-2A78-4D11-9E83-ECAD0B26E38F}.AppStore|iPhone.ActiveCfg = Release|Any CPU
		{06885F09-2A78-4D11-9E83-ECAD0B26E38F}.AppStore|iPhone.Build.0 = Release|Any CPU
		{06885F09-2A78-4D11-9E83-ECAD0B26E38F}.AppStore|iPhone.Deploy.0 = Release|Any CPU
		{06885F09-2A78-4D11-9E83-ECAD0B26E38F}.AppStore|iPhoneSimulator.ActiveCfg = Release|Any CPU
		{06885F09-2A78-4D11-9E83-ECAD0B26E38F}.AppStore|iPhoneSimulator.Build.0 = Release|Any CPU
		{06885F09-2A78-4D11-9E83-ECAD0B26E38F}.AppStore|iPhoneSimulator.Deploy.0 = Release|Any CPU
		{06885F09-2A78-4D11-9E83-ECAD0B26E38F}.AppStore|x64.ActiveCfg = Release|Any CPU
		{06885F09-2A78-4D11-9E83-ECAD0B26E38F}.AppStore|x64.Build.0 = Release|Any CPU
		{06885F09-2A78-4D11-9E83-ECAD0B26E38F}.AppStore|x64.Deploy.0 = Release|Any CPU
		{06885F09-2A78-4D11-9E83-ECAD0B26E38F}.AppStore|x86.ActiveCfg = Release|x86
		{06885F09-2A78-4D11-9E83-ECAD0B26E38F}.AppStore|x86.Build.0 = Release|x86
		{06885F09-2A78-4D11-9E83-ECAD0B26E38F}.AppStore|x86.Deploy.0 = Release|x86
		{06885F09-2A78-4D11-9E83-ECAD0B26E38F}.Debug|Any CPU.ActiveCfg = Debug|Any CPU
		{06885F09-2A78-4D11-9E83-ECAD0B26E38F}.Debug|Any CPU.Build.0 = Debug|Any CPU
		{06885F09-2A78-4D11-9E83-ECAD0B26E38F}.Debug|Any CPU.Deploy.0 = Debug|Any CPU
		{06885F09-2A78-4D11-9E83-ECAD0B26E38F}.Debug|ARM.ActiveCfg = Debug|ARM
		{06885F09-2A78-4D11-9E83-ECAD0B26E38F}.Debug|ARM.Build.0 = Debug|ARM
		{06885F09-2A78-4D11-9E83-ECAD0B26E38F}.Debug|ARM.Deploy.0 = Debug|ARM
		{06885F09-2A78-4D11-9E83-ECAD0B26E38F}.Debug|iPhone.ActiveCfg = Debug|Any CPU
		{06885F09-2A78-4D11-9E83-ECAD0B26E38F}.Debug|iPhone.Build.0 = Debug|Any CPU
		{06885F09-2A78-4D11-9E83-ECAD0B26E38F}.Debug|iPhone.Deploy.0 = Debug|Any CPU
		{06885F09-2A78-4D11-9E83-ECAD0B26E38F}.Debug|iPhoneSimulator.ActiveCfg = Debug|Any CPU
		{06885F09-2A78-4D11-9E83-ECAD0B26E38F}.Debug|iPhoneSimulator.Build.0 = Debug|Any CPU
		{06885F09-2A78-4D11-9E83-ECAD0B26E38F}.Debug|iPhoneSimulator.Deploy.0 = Debug|Any CPU
		{06885F09-2A78-4D11-9E83-ECAD0B26E38F}.Debug|x64.ActiveCfg = Debug|Any CPU
		{06885F09-2A78-4D11-9E83-ECAD0B26E38F}.Debug|x64.Build.0 = Debug|Any CPU
		{06885F09-2A78-4D11-9E83-ECAD0B26E38F}.Debug|x64.Deploy.0 = Debug|Any CPU
		{06885F09-2A78-4D11-9E83-ECAD0B26E38F}.Debug|x86.ActiveCfg = Debug|x86
		{06885F09-2A78-4D11-9E83-ECAD0B26E38F}.Debug|x86.Build.0 = Debug|x86
		{06885F09-2A78-4D11-9E83-ECAD0B26E38F}.Debug|x86.Deploy.0 = Debug|x86
		{06885F09-2A78-4D11-9E83-ECAD0B26E38F}.Release|Any CPU.ActiveCfg = Release|Any CPU
		{06885F09-2A78-4D11-9E83-ECAD0B26E38F}.Release|Any CPU.Build.0 = Release|Any CPU
		{06885F09-2A78-4D11-9E83-ECAD0B26E38F}.Release|Any CPU.Deploy.0 = Release|Any CPU
		{06885F09-2A78-4D11-9E83-ECAD0B26E38F}.Release|ARM.ActiveCfg = Release|ARM
		{06885F09-2A78-4D11-9E83-ECAD0B26E38F}.Release|ARM.Build.0 = Release|ARM
		{06885F09-2A78-4D11-9E83-ECAD0B26E38F}.Release|ARM.Deploy.0 = Release|ARM
		{06885F09-2A78-4D11-9E83-ECAD0B26E38F}.Release|iPhone.ActiveCfg = Release|Any CPU
		{06885F09-2A78-4D11-9E83-ECAD0B26E38F}.Release|iPhone.Build.0 = Release|Any CPU
		{06885F09-2A78-4D11-9E83-ECAD0B26E38F}.Release|iPhone.Deploy.0 = Release|Any CPU
		{06885F09-2A78-4D11-9E83-ECAD0B26E38F}.Release|iPhoneSimulator.ActiveCfg = Release|Any CPU
		{06885F09-2A78-4D11-9E83-ECAD0B26E38F}.Release|iPhoneSimulator.Build.0 = Release|Any CPU
		{06885F09-2A78-4D11-9E83-ECAD0B26E38F}.Release|iPhoneSimulator.Deploy.0 = Release|Any CPU
		{06885F09-2A78-4D11-9E83-ECAD0B26E38F}.Release|x64.ActiveCfg = Release|Any CPU
		{06885F09-2A78-4D11-9E83-ECAD0B26E38F}.Release|x64.Build.0 = Release|Any CPU
		{06885F09-2A78-4D11-9E83-ECAD0B26E38F}.Release|x64.Deploy.0 = Release|Any CPU
		{06885F09-2A78-4D11-9E83-ECAD0B26E38F}.Release|x86.ActiveCfg = Release|x86
		{06885F09-2A78-4D11-9E83-ECAD0B26E38F}.Release|x86.Build.0 = Release|x86
		{06885F09-2A78-4D11-9E83-ECAD0B26E38F}.Release|x86.Deploy.0 = Release|x86
		{FB567339-D4C8-4FFE-B36B-89D8146D18D2}.Ad-Hoc|Any CPU.ActiveCfg = Release|x86
		{FB567339-D4C8-4FFE-B36B-89D8146D18D2}.Ad-Hoc|Any CPU.Build.0 = Release|x86
		{FB567339-D4C8-4FFE-B36B-89D8146D18D2}.Ad-Hoc|Any CPU.Deploy.0 = Release|x86
		{FB567339-D4C8-4FFE-B36B-89D8146D18D2}.Ad-Hoc|ARM.ActiveCfg = Release|ARM
		{FB567339-D4C8-4FFE-B36B-89D8146D18D2}.Ad-Hoc|ARM.Build.0 = Release|ARM
		{FB567339-D4C8-4FFE-B36B-89D8146D18D2}.Ad-Hoc|ARM.Deploy.0 = Release|ARM
		{FB567339-D4C8-4FFE-B36B-89D8146D18D2}.Ad-Hoc|iPhone.ActiveCfg = Release|x86
		{FB567339-D4C8-4FFE-B36B-89D8146D18D2}.Ad-Hoc|iPhone.Build.0 = Release|x86
		{FB567339-D4C8-4FFE-B36B-89D8146D18D2}.Ad-Hoc|iPhone.Deploy.0 = Release|x86
		{FB567339-D4C8-4FFE-B36B-89D8146D18D2}.Ad-Hoc|iPhoneSimulator.ActiveCfg = Release|x86
		{FB567339-D4C8-4FFE-B36B-89D8146D18D2}.Ad-Hoc|iPhoneSimulator.Build.0 = Release|x86
		{FB567339-D4C8-4FFE-B36B-89D8146D18D2}.Ad-Hoc|iPhoneSimulator.Deploy.0 = Release|x86
		{FB567339-D4C8-4FFE-B36B-89D8146D18D2}.Ad-Hoc|x64.ActiveCfg = Release|x64
		{FB567339-D4C8-4FFE-B36B-89D8146D18D2}.Ad-Hoc|x64.Build.0 = Release|x64
		{FB567339-D4C8-4FFE-B36B-89D8146D18D2}.Ad-Hoc|x64.Deploy.0 = Release|x64
		{FB567339-D4C8-4FFE-B36B-89D8146D18D2}.Ad-Hoc|x86.ActiveCfg = Release|x86
		{FB567339-D4C8-4FFE-B36B-89D8146D18D2}.Ad-Hoc|x86.Build.0 = Release|x86
		{FB567339-D4C8-4FFE-B36B-89D8146D18D2}.Ad-Hoc|x86.Deploy.0 = Release|x86
		{FB567339-D4C8-4FFE-B36B-89D8146D18D2}.AppStore|Any CPU.ActiveCfg = Release|x86
		{FB567339-D4C8-4FFE-B36B-89D8146D18D2}.AppStore|Any CPU.Build.0 = Release|x86
		{FB567339-D4C8-4FFE-B36B-89D8146D18D2}.AppStore|Any CPU.Deploy.0 = Release|x86
		{FB567339-D4C8-4FFE-B36B-89D8146D18D2}.AppStore|ARM.ActiveCfg = Release|ARM
		{FB567339-D4C8-4FFE-B36B-89D8146D18D2}.AppStore|ARM.Build.0 = Release|ARM
		{FB567339-D4C8-4FFE-B36B-89D8146D18D2}.AppStore|ARM.Deploy.0 = Release|ARM
		{FB567339-D4C8-4FFE-B36B-89D8146D18D2}.AppStore|iPhone.ActiveCfg = Release|x86
		{FB567339-D4C8-4FFE-B36B-89D8146D18D2}.AppStore|iPhone.Build.0 = Release|x86
		{FB567339-D4C8-4FFE-B36B-89D8146D18D2}.AppStore|iPhone.Deploy.0 = Release|x86
		{FB567339-D4C8-4FFE-B36B-89D8146D18D2}.AppStore|iPhoneSimulator.ActiveCfg = Release|x86
		{FB567339-D4C8-4FFE-B36B-89D8146D18D2}.AppStore|iPhoneSimulator.Build.0 = Release|x86
		{FB567339-D4C8-4FFE-B36B-89D8146D18D2}.AppStore|iPhoneSimulator.Deploy.0 = Release|x86
		{FB567339-D4C8-4FFE-B36B-89D8146D18D2}.AppStore|x64.ActiveCfg = Release|x64
		{FB567339-D4C8-4FFE-B36B-89D8146D18D2}.AppStore|x64.Build.0 = Release|x64
		{FB567339-D4C8-4FFE-B36B-89D8146D18D2}.AppStore|x64.Deploy.0 = Release|x64
		{FB567339-D4C8-4FFE-B36B-89D8146D18D2}.AppStore|x86.ActiveCfg = Release|x86
		{FB567339-D4C8-4FFE-B36B-89D8146D18D2}.AppStore|x86.Build.0 = Release|x86
		{FB567339-D4C8-4FFE-B36B-89D8146D18D2}.AppStore|x86.Deploy.0 = Release|x86
		{FB567339-D4C8-4FFE-B36B-89D8146D18D2}.Debug|Any CPU.ActiveCfg = Debug|x86
		{FB567339-D4C8-4FFE-B36B-89D8146D18D2}.Debug|ARM.ActiveCfg = Debug|ARM
		{FB567339-D4C8-4FFE-B36B-89D8146D18D2}.Debug|ARM.Build.0 = Debug|ARM
		{FB567339-D4C8-4FFE-B36B-89D8146D18D2}.Debug|ARM.Deploy.0 = Debug|ARM
		{FB567339-D4C8-4FFE-B36B-89D8146D18D2}.Debug|iPhone.ActiveCfg = Debug|x86
		{FB567339-D4C8-4FFE-B36B-89D8146D18D2}.Debug|iPhoneSimulator.ActiveCfg = Debug|x86
		{FB567339-D4C8-4FFE-B36B-89D8146D18D2}.Debug|x64.ActiveCfg = Debug|x64
		{FB567339-D4C8-4FFE-B36B-89D8146D18D2}.Debug|x64.Build.0 = Debug|x64
		{FB567339-D4C8-4FFE-B36B-89D8146D18D2}.Debug|x64.Deploy.0 = Debug|x64
		{FB567339-D4C8-4FFE-B36B-89D8146D18D2}.Debug|x86.ActiveCfg = Debug|x86
		{FB567339-D4C8-4FFE-B36B-89D8146D18D2}.Debug|x86.Build.0 = Debug|x86
		{FB567339-D4C8-4FFE-B36B-89D8146D18D2}.Debug|x86.Deploy.0 = Debug|x86
		{FB567339-D4C8-4FFE-B36B-89D8146D18D2}.Release|Any CPU.ActiveCfg = Release|x86
		{FB567339-D4C8-4FFE-B36B-89D8146D18D2}.Release|ARM.ActiveCfg = Release|ARM
		{FB567339-D4C8-4FFE-B36B-89D8146D18D2}.Release|ARM.Build.0 = Release|ARM
		{FB567339-D4C8-4FFE-B36B-89D8146D18D2}.Release|ARM.Deploy.0 = Release|ARM
		{FB567339-D4C8-4FFE-B36B-89D8146D18D2}.Release|iPhone.ActiveCfg = Release|x86
		{FB567339-D4C8-4FFE-B36B-89D8146D18D2}.Release|iPhoneSimulator.ActiveCfg = Release|x86
		{FB567339-D4C8-4FFE-B36B-89D8146D18D2}.Release|x64.ActiveCfg = Release|x64
		{FB567339-D4C8-4FFE-B36B-89D8146D18D2}.Release|x64.Build.0 = Release|x64
		{FB567339-D4C8-4FFE-B36B-89D8146D18D2}.Release|x64.Deploy.0 = Release|x64
		{FB567339-D4C8-4FFE-B36B-89D8146D18D2}.Release|x86.ActiveCfg = Release|x86
		{FB567339-D4C8-4FFE-B36B-89D8146D18D2}.Release|x86.Build.0 = Release|x86
		{FB567339-D4C8-4FFE-B36B-89D8146D18D2}.Release|x86.Deploy.0 = Release|x86
		{D9F0FA30-243E-4287-9453-13D6D015C89E}.Ad-Hoc|Any CPU.ActiveCfg = Release|Any CPU
		{D9F0FA30-243E-4287-9453-13D6D015C89E}.Ad-Hoc|Any CPU.Build.0 = Release|Any CPU
		{D9F0FA30-243E-4287-9453-13D6D015C89E}.Ad-Hoc|Any CPU.Deploy.0 = Release|Any CPU
		{D9F0FA30-243E-4287-9453-13D6D015C89E}.Ad-Hoc|ARM.ActiveCfg = Release|ARM
		{D9F0FA30-243E-4287-9453-13D6D015C89E}.Ad-Hoc|ARM.Build.0 = Release|ARM
		{D9F0FA30-243E-4287-9453-13D6D015C89E}.Ad-Hoc|ARM.Deploy.0 = Release|ARM
		{D9F0FA30-243E-4287-9453-13D6D015C89E}.Ad-Hoc|iPhone.ActiveCfg = Release|Any CPU
		{D9F0FA30-243E-4287-9453-13D6D015C89E}.Ad-Hoc|iPhone.Build.0 = Release|Any CPU
		{D9F0FA30-243E-4287-9453-13D6D015C89E}.Ad-Hoc|iPhone.Deploy.0 = Release|Any CPU
		{D9F0FA30-243E-4287-9453-13D6D015C89E}.Ad-Hoc|iPhoneSimulator.ActiveCfg = Release|Any CPU
		{D9F0FA30-243E-4287-9453-13D6D015C89E}.Ad-Hoc|iPhoneSimulator.Build.0 = Release|Any CPU
		{D9F0FA30-243E-4287-9453-13D6D015C89E}.Ad-Hoc|iPhoneSimulator.Deploy.0 = Release|Any CPU
		{D9F0FA30-243E-4287-9453-13D6D015C89E}.Ad-Hoc|x64.ActiveCfg = Release|x64
		{D9F0FA30-243E-4287-9453-13D6D015C89E}.Ad-Hoc|x64.Build.0 = Release|x64
		{D9F0FA30-243E-4287-9453-13D6D015C89E}.Ad-Hoc|x64.Deploy.0 = Release|x64
		{D9F0FA30-243E-4287-9453-13D6D015C89E}.Ad-Hoc|x86.ActiveCfg = Release|x86
		{D9F0FA30-243E-4287-9453-13D6D015C89E}.Ad-Hoc|x86.Build.0 = Release|x86
		{D9F0FA30-243E-4287-9453-13D6D015C89E}.Ad-Hoc|x86.Deploy.0 = Release|x86
		{D9F0FA30-243E-4287-9453-13D6D015C89E}.AppStore|Any CPU.ActiveCfg = Release|Any CPU
		{D9F0FA30-243E-4287-9453-13D6D015C89E}.AppStore|Any CPU.Build.0 = Release|Any CPU
		{D9F0FA30-243E-4287-9453-13D6D015C89E}.AppStore|Any CPU.Deploy.0 = Release|Any CPU
		{D9F0FA30-243E-4287-9453-13D6D015C89E}.AppStore|ARM.ActiveCfg = Release|ARM
		{D9F0FA30-243E-4287-9453-13D6D015C89E}.AppStore|ARM.Build.0 = Release|ARM
		{D9F0FA30-243E-4287-9453-13D6D015C89E}.AppStore|ARM.Deploy.0 = Release|ARM
		{D9F0FA30-243E-4287-9453-13D6D015C89E}.AppStore|iPhone.ActiveCfg = Release|Any CPU
		{D9F0FA30-243E-4287-9453-13D6D015C89E}.AppStore|iPhone.Build.0 = Release|Any CPU
		{D9F0FA30-243E-4287-9453-13D6D015C89E}.AppStore|iPhone.Deploy.0 = Release|Any CPU
		{D9F0FA30-243E-4287-9453-13D6D015C89E}.AppStore|iPhoneSimulator.ActiveCfg = Release|Any CPU
		{D9F0FA30-243E-4287-9453-13D6D015C89E}.AppStore|iPhoneSimulator.Build.0 = Release|Any CPU
		{D9F0FA30-243E-4287-9453-13D6D015C89E}.AppStore|iPhoneSimulator.Deploy.0 = Release|Any CPU
		{D9F0FA30-243E-4287-9453-13D6D015C89E}.AppStore|x64.ActiveCfg = Release|x64
		{D9F0FA30-243E-4287-9453-13D6D015C89E}.AppStore|x64.Build.0 = Release|x64
		{D9F0FA30-243E-4287-9453-13D6D015C89E}.AppStore|x64.Deploy.0 = Release|x64
		{D9F0FA30-243E-4287-9453-13D6D015C89E}.AppStore|x86.ActiveCfg = Release|x86
		{D9F0FA30-243E-4287-9453-13D6D015C89E}.AppStore|x86.Build.0 = Release|x86
		{D9F0FA30-243E-4287-9453-13D6D015C89E}.AppStore|x86.Deploy.0 = Release|x86
		{D9F0FA30-243E-4287-9453-13D6D015C89E}.Debug|Any CPU.ActiveCfg = Debug|Any CPU
		{D9F0FA30-243E-4287-9453-13D6D015C89E}.Debug|Any CPU.Build.0 = Debug|Any CPU
		{D9F0FA30-243E-4287-9453-13D6D015C89E}.Debug|Any CPU.Deploy.0 = Debug|Any CPU
		{D9F0FA30-243E-4287-9453-13D6D015C89E}.Debug|ARM.ActiveCfg = Debug|ARM
		{D9F0FA30-243E-4287-9453-13D6D015C89E}.Debug|ARM.Build.0 = Debug|ARM
		{D9F0FA30-243E-4287-9453-13D6D015C89E}.Debug|ARM.Deploy.0 = Debug|ARM
		{D9F0FA30-243E-4287-9453-13D6D015C89E}.Debug|iPhone.ActiveCfg = Debug|Any CPU
		{D9F0FA30-243E-4287-9453-13D6D015C89E}.Debug|iPhone.Build.0 = Debug|Any CPU
		{D9F0FA30-243E-4287-9453-13D6D015C89E}.Debug|iPhone.Deploy.0 = Debug|Any CPU
		{D9F0FA30-243E-4287-9453-13D6D015C89E}.Debug|iPhoneSimulator.ActiveCfg = Debug|Any CPU
		{D9F0FA30-243E-4287-9453-13D6D015C89E}.Debug|iPhoneSimulator.Build.0 = Debug|Any CPU
		{D9F0FA30-243E-4287-9453-13D6D015C89E}.Debug|iPhoneSimulator.Deploy.0 = Debug|Any CPU
		{D9F0FA30-243E-4287-9453-13D6D015C89E}.Debug|x64.ActiveCfg = Debug|x64
		{D9F0FA30-243E-4287-9453-13D6D015C89E}.Debug|x64.Build.0 = Debug|x64
		{D9F0FA30-243E-4287-9453-13D6D015C89E}.Debug|x64.Deploy.0 = Debug|x64
		{D9F0FA30-243E-4287-9453-13D6D015C89E}.Debug|x86.ActiveCfg = Debug|x86
		{D9F0FA30-243E-4287-9453-13D6D015C89E}.Debug|x86.Build.0 = Debug|x86
		{D9F0FA30-243E-4287-9453-13D6D015C89E}.Debug|x86.Deploy.0 = Debug|x86
		{D9F0FA30-243E-4287-9453-13D6D015C89E}.Release|Any CPU.ActiveCfg = Release|Any CPU
		{D9F0FA30-243E-4287-9453-13D6D015C89E}.Release|Any CPU.Build.0 = Release|Any CPU
		{D9F0FA30-243E-4287-9453-13D6D015C89E}.Release|Any CPU.Deploy.0 = Release|Any CPU
		{D9F0FA30-243E-4287-9453-13D6D015C89E}.Release|ARM.ActiveCfg = Release|ARM
		{D9F0FA30-243E-4287-9453-13D6D015C89E}.Release|ARM.Build.0 = Release|ARM
		{D9F0FA30-243E-4287-9453-13D6D015C89E}.Release|ARM.Deploy.0 = Release|ARM
		{D9F0FA30-243E-4287-9453-13D6D015C89E}.Release|iPhone.ActiveCfg = Release|Any CPU
		{D9F0FA30-243E-4287-9453-13D6D015C89E}.Release|iPhone.Build.0 = Release|Any CPU
		{D9F0FA30-243E-4287-9453-13D6D015C89E}.Release|iPhone.Deploy.0 = Release|Any CPU
		{D9F0FA30-243E-4287-9453-13D6D015C89E}.Release|iPhoneSimulator.ActiveCfg = Release|Any CPU
		{D9F0FA30-243E-4287-9453-13D6D015C89E}.Release|iPhoneSimulator.Build.0 = Release|Any CPU
		{D9F0FA30-243E-4287-9453-13D6D015C89E}.Release|iPhoneSimulator.Deploy.0 = Release|Any CPU
		{D9F0FA30-243E-4287-9453-13D6D015C89E}.Release|x64.ActiveCfg = Release|x64
		{D9F0FA30-243E-4287-9453-13D6D015C89E}.Release|x64.Build.0 = Release|x64
		{D9F0FA30-243E-4287-9453-13D6D015C89E}.Release|x64.Deploy.0 = Release|x64
		{D9F0FA30-243E-4287-9453-13D6D015C89E}.Release|x86.ActiveCfg = Release|x86
		{D9F0FA30-243E-4287-9453-13D6D015C89E}.Release|x86.Build.0 = Release|x86
		{D9F0FA30-243E-4287-9453-13D6D015C89E}.Release|x86.Deploy.0 = Release|x86
		{85CB74BA-7C29-496E-8C50-BFFCCE017C1B}.Ad-Hoc|Any CPU.ActiveCfg = Release|Any CPU
		{85CB74BA-7C29-496E-8C50-BFFCCE017C1B}.Ad-Hoc|Any CPU.Build.0 = Release|Any CPU
		{85CB74BA-7C29-496E-8C50-BFFCCE017C1B}.Ad-Hoc|ARM.ActiveCfg = Release|Any CPU
		{85CB74BA-7C29-496E-8C50-BFFCCE017C1B}.Ad-Hoc|ARM.Build.0 = Release|Any CPU
		{85CB74BA-7C29-496E-8C50-BFFCCE017C1B}.Ad-Hoc|iPhone.ActiveCfg = Release|Any CPU
		{85CB74BA-7C29-496E-8C50-BFFCCE017C1B}.Ad-Hoc|iPhone.Build.0 = Release|Any CPU
		{85CB74BA-7C29-496E-8C50-BFFCCE017C1B}.Ad-Hoc|iPhoneSimulator.ActiveCfg = Release|Any CPU
		{85CB74BA-7C29-496E-8C50-BFFCCE017C1B}.Ad-Hoc|iPhoneSimulator.Build.0 = Release|Any CPU
		{85CB74BA-7C29-496E-8C50-BFFCCE017C1B}.Ad-Hoc|x64.ActiveCfg = Release|Any CPU
		{85CB74BA-7C29-496E-8C50-BFFCCE017C1B}.Ad-Hoc|x64.Build.0 = Release|Any CPU
		{85CB74BA-7C29-496E-8C50-BFFCCE017C1B}.Ad-Hoc|x86.ActiveCfg = Release|Any CPU
		{85CB74BA-7C29-496E-8C50-BFFCCE017C1B}.Ad-Hoc|x86.Build.0 = Release|Any CPU
		{85CB74BA-7C29-496E-8C50-BFFCCE017C1B}.AppStore|Any CPU.ActiveCfg = Release|Any CPU
		{85CB74BA-7C29-496E-8C50-BFFCCE017C1B}.AppStore|Any CPU.Build.0 = Release|Any CPU
		{85CB74BA-7C29-496E-8C50-BFFCCE017C1B}.AppStore|ARM.ActiveCfg = Release|Any CPU
		{85CB74BA-7C29-496E-8C50-BFFCCE017C1B}.AppStore|ARM.Build.0 = Release|Any CPU
		{85CB74BA-7C29-496E-8C50-BFFCCE017C1B}.AppStore|iPhone.ActiveCfg = Release|Any CPU
		{85CB74BA-7C29-496E-8C50-BFFCCE017C1B}.AppStore|iPhone.Build.0 = Release|Any CPU
		{85CB74BA-7C29-496E-8C50-BFFCCE017C1B}.AppStore|iPhoneSimulator.ActiveCfg = Release|Any CPU
		{85CB74BA-7C29-496E-8C50-BFFCCE017C1B}.AppStore|iPhoneSimulator.Build.0 = Release|Any CPU
		{85CB74BA-7C29-496E-8C50-BFFCCE017C1B}.AppStore|x64.ActiveCfg = Release|Any CPU
		{85CB74BA-7C29-496E-8C50-BFFCCE017C1B}.AppStore|x64.Build.0 = Release|Any CPU
		{85CB74BA-7C29-496E-8C50-BFFCCE017C1B}.AppStore|x86.ActiveCfg = Release|Any CPU
		{85CB74BA-7C29-496E-8C50-BFFCCE017C1B}.AppStore|x86.Build.0 = Release|Any CPU
		{85CB74BA-7C29-496E-8C50-BFFCCE017C1B}.Debug|Any CPU.ActiveCfg = Debug|Any CPU
		{85CB74BA-7C29-496E-8C50-BFFCCE017C1B}.Debug|Any CPU.Build.0 = Debug|Any CPU
		{85CB74BA-7C29-496E-8C50-BFFCCE017C1B}.Debug|ARM.ActiveCfg = Debug|Any CPU
		{85CB74BA-7C29-496E-8C50-BFFCCE017C1B}.Debug|ARM.Build.0 = Debug|Any CPU
		{85CB74BA-7C29-496E-8C50-BFFCCE017C1B}.Debug|iPhone.ActiveCfg = Debug|Any CPU
		{85CB74BA-7C29-496E-8C50-BFFCCE017C1B}.Debug|iPhone.Build.0 = Debug|Any CPU
		{85CB74BA-7C29-496E-8C50-BFFCCE017C1B}.Debug|iPhoneSimulator.ActiveCfg = Debug|Any CPU
		{85CB74BA-7C29-496E-8C50-BFFCCE017C1B}.Debug|iPhoneSimulator.Build.0 = Debug|Any CPU
		{85CB74BA-7C29-496E-8C50-BFFCCE017C1B}.Debug|x64.ActiveCfg = Debug|Any CPU
		{85CB74BA-7C29-496E-8C50-BFFCCE017C1B}.Debug|x64.Build.0 = Debug|Any CPU
		{85CB74BA-7C29-496E-8C50-BFFCCE017C1B}.Debug|x86.ActiveCfg = Debug|Any CPU
		{85CB74BA-7C29-496E-8C50-BFFCCE017C1B}.Debug|x86.Build.0 = Debug|Any CPU
		{85CB74BA-7C29-496E-8C50-BFFCCE017C1B}.Release|Any CPU.ActiveCfg = Release|Any CPU
		{85CB74BA-7C29-496E-8C50-BFFCCE017C1B}.Release|Any CPU.Build.0 = Release|Any CPU
		{85CB74BA-7C29-496E-8C50-BFFCCE017C1B}.Release|ARM.ActiveCfg = Release|Any CPU
		{85CB74BA-7C29-496E-8C50-BFFCCE017C1B}.Release|ARM.Build.0 = Release|Any CPU
		{85CB74BA-7C29-496E-8C50-BFFCCE017C1B}.Release|iPhone.ActiveCfg = Release|Any CPU
		{85CB74BA-7C29-496E-8C50-BFFCCE017C1B}.Release|iPhone.Build.0 = Release|Any CPU
		{85CB74BA-7C29-496E-8C50-BFFCCE017C1B}.Release|iPhoneSimulator.ActiveCfg = Release|Any CPU
		{85CB74BA-7C29-496E-8C50-BFFCCE017C1B}.Release|iPhoneSimulator.Build.0 = Release|Any CPU
		{85CB74BA-7C29-496E-8C50-BFFCCE017C1B}.Release|x64.ActiveCfg = Release|Any CPU
		{85CB74BA-7C29-496E-8C50-BFFCCE017C1B}.Release|x64.Build.0 = Release|Any CPU
		{85CB74BA-7C29-496E-8C50-BFFCCE017C1B}.Release|x86.ActiveCfg = Release|Any CPU
		{85CB74BA-7C29-496E-8C50-BFFCCE017C1B}.Release|x86.Build.0 = Release|Any CPU
	EndGlobalSection
	GlobalSection(SolutionProperties) = preSolution
		HideSolutionNode = FALSE
	EndGlobalSection
EndGlobal
